
Microsoft Visual Studio Solution File, Format Version 12.00
# Visual Studio Version 17
VisualStudioVersion = 17.5.002.0
MinimumVisualStudioVersion = 10.0.40219.1
Project("{9A19103F-16F7-4668-BE54-9A1E7A4F7556}") = "TestProject", "TestProject\TestProject.csproj", "{BA46C416-A7AC-42A5-902A-9A3461CE2EE7}"
EndProject
Global
	GlobalSection(SolutionConfigurationPlatforms) = preSolution
		Debug|Any CPU = Debug|Any CPU
		Release|Any CPU = Release|Any CPU
	EndGlobalSection
	GlobalSection(ProjectConfigurationPlatforms) = postSolution
		{BA46C416-A7AC-42A5-902A-9A3461CE2EE7}.Debug|Any CPU.ActiveCfg = Debug|Any CPU
		{BA46C416-A7AC-42A5-902A-9A3461CE2EE7}.Debug|Any CPU.Build.0 = Debug|Any CPU
		{BA46C416-A7AC-42A5-902A-9A3461CE2EE7}.Release|Any CPU.ActiveCfg = Release|Any CPU
		{BA46C416-A7AC-42A5-902A-9A3461CE2EE7}.Release|Any CPU.Build.0 = Release|Any CPU
	EndGlobalSection
	GlobalSection(SolutionProperties) = preSolution
		HideSolutionNode = FALSE
	EndGlobalSection
	GlobalSection(ExtensibilityGlobals) = postSolution
		SolutionGuid = {C759626E-5D1C-4FBE-A420-A6DC03B906A4}
	EndGlobalSection
EndGlobal
